
Microsoft Visual Studio Solution File, Format Version 12.00
# Visual Studio Version 16
VisualStudioVersion = 16.6.30114.105
MinimumVisualStudioVersion = 10.0.40219.1
Project("{FAE04EC0-301F-11D3-BF4B-00C04F79EFBC}") = "API", "API\API.csproj", "{A786A5A5-A653-4926-AE19-E510F60C4D63}"
EndProject
Project("{FAE04EC0-301F-11D3-BF4B-00C04F79EFBC}") = "Core", "Core\Core.csproj", "{65572368-DE89-4102-B38A-0C55E95B612D}"
EndProject
Project("{FAE04EC0-301F-11D3-BF4B-00C04F79EFBC}") = "InfraStructure", "InfraStructure\InfraStructure.csproj", "{B11BD220-0DF4-4AE0-8CB5-99F2CA11C7B8}"
EndProject
Global
	GlobalSection(SolutionConfigurationPlatforms) = preSolution
		Debug|Any CPU = Debug|Any CPU
		Debug|x64 = Debug|x64
		Debug|x86 = Debug|x86
		Release|Any CPU = Release|Any CPU
		Release|x64 = Release|x64
		Release|x86 = Release|x86
	EndGlobalSection
	GlobalSection(SolutionProperties) = preSolution
		HideSolutionNode = FALSE
	EndGlobalSection
	GlobalSection(ProjectConfigurationPlatforms) = postSolution
		{A786A5A5-A653-4926-AE19-E510F60C4D63}.Debug|Any CPU.ActiveCfg = Debug|Any CPU
		{A786A5A5-A653-4926-AE19-E510F60C4D63}.Debug|Any CPU.Build.0 = Debug|Any CPU
		{A786A5A5-A653-4926-AE19-E510F60C4D63}.Debug|x64.ActiveCfg = Debug|Any CPU
		{A786A5A5-A653-4926-AE19-E510F60C4D63}.Debug|x64.Build.0 = Debug|Any CPU
		{A786A5A5-A653-4926-AE19-E510F60C4D63}.Debug|x86.ActiveCfg = Debug|Any CPU
		{A786A5A5-A653-4926-AE19-E510F60C4D63}.Debug|x86.Build.0 = Debug|Any CPU
		{A786A5A5-A653-4926-AE19-E510F60C4D63}.Release|Any CPU.ActiveCfg = Release|Any CPU
		{A786A5A5-A653-4926-AE19-E510F60C4D63}.Release|Any CPU.Build.0 = Release|Any CPU
		{A786A5A5-A653-4926-AE19-E510F60C4D63}.Release|x64.ActiveCfg = Release|Any CPU
		{A786A5A5-A653-4926-AE19-E510F60C4D63}.Release|x64.Build.0 = Release|Any CPU
		{A786A5A5-A653-4926-AE19-E510F60C4D63}.Release|x86.ActiveCfg = Release|Any CPU
		{A786A5A5-A653-4926-AE19-E510F60C4D63}.Release|x86.Build.0 = Release|Any CPU
		{65572368-DE89-4102-B38A-0C55E95B612D}.Debug|Any CPU.ActiveCfg = Debug|Any CPU
		{65572368-DE89-4102-B38A-0C55E95B612D}.Debug|Any CPU.Build.0 = Debug|Any CPU
		{65572368-DE89-4102-B38A-0C55E95B612D}.Debug|x64.ActiveCfg = Debug|Any CPU
		{65572368-DE89-4102-B38A-0C55E95B612D}.Debug|x64.Build.0 = Debug|Any CPU
		{65572368-DE89-4102-B38A-0C55E95B612D}.Debug|x86.ActiveCfg = Debug|Any CPU
		{65572368-DE89-4102-B38A-0C55E95B612D}.Debug|x86.Build.0 = Debug|Any CPU
		{65572368-DE89-4102-B38A-0C55E95B612D}.Release|Any CPU.ActiveCfg = Release|Any CPU
		{65572368-DE89-4102-B38A-0C55E95B612D}.Release|Any CPU.Build.0 = Release|Any CPU
		{65572368-DE89-4102-B38A-0C55E95B612D}.Release|x64.ActiveCfg = Release|Any CPU
		{65572368-DE89-4102-B38A-0C55E95B612D}.Release|x64.Build.0 = Release|Any CPU
		{65572368-DE89-4102-B38A-0C55E95B612D}.Release|x86.ActiveCfg = Release|Any CPU
		{65572368-DE89-4102-B38A-0C55E95B612D}.Release|x86.Build.0 = Release|Any CPU
		{B11BD220-0DF4-4AE0-8CB5-99F2CA11C7B8}.Debug|Any CPU.ActiveCfg = Debug|Any CPU
		{B11BD220-0DF4-4AE0-8CB5-99F2CA11C7B8}.Debug|Any CPU.Build.0 = Debug|Any CPU
		{B11BD220-0DF4-4AE0-8CB5-99F2CA11C7B8}.Debug|x64.ActiveCfg = Debug|Any CPU
		{B11BD220-0DF4-4AE0-8CB5-99F2CA11C7B8}.Debug|x64.Build.0 = Debug|Any CPU
		{B11BD220-0DF4-4AE0-8CB5-99F2CA11C7B8}.Debug|x86.ActiveCfg = Debug|Any CPU
		{B11BD220-0DF4-4AE0-8CB5-99F2CA11C7B8}.Debug|x86.Build.0 = Debug|Any CPU
		{B11BD220-0DF4-4AE0-8CB5-99F2CA11C7B8}.Release|Any CPU.ActiveCfg = Release|Any CPU
		{B11BD220-0DF4-4AE0-8CB5-99F2CA11C7B8}.Release|Any CPU.Build.0 = Release|Any CPU
		{B11BD220-0DF4-4AE0-8CB5-99F2CA11C7B8}.Release|x64.ActiveCfg = Release|Any CPU
		{B11BD220-0DF4-4AE0-8CB5-99F2CA11C7B8}.Release|x64.Build.0 = Release|Any CPU
		{B11BD220-0DF4-4AE0-8CB5-99F2CA11C7B8}.Release|x86.ActiveCfg = Release|Any CPU
		{B11BD220-0DF4-4AE0-8CB5-99F2CA11C7B8}.Release|x86.Build.0 = Release|Any CPU
	EndGlobalSection
EndGlobal
